
Microsoft Visual Studio Solution File, Format Version 12.00
# Visual Studio 2012
Project("{FAE04EC0-301F-11D3-BF4B-00C04F79EFBC}") = "TPcis3342", "TPcis3342\TPcis3342.csproj", "{26663D56-C07D-430A-A166-2808F75DA907}"
EndProject
Project("{FAE04EC0-301F-11D3-BF4B-00C04F79EFBC}") = "Utilities", "Utilities\Utilities.csproj", "{01BCF66B-A673-49ED-AB8A-6806A053D5A2}"
EndProject
Project("{FAE04EC0-301F-11D3-BF4B-00C04F79EFBC}") = "FaceBookHelper", "FaceBookHelper\FaceBookHelper.csproj", "{97CAC109-283D-4457-8113-C7BA8DB5A8C3}"
EndProject
Project("{FAE04EC0-301F-11D3-BF4B-00C04F79EFBC}") = "TuDInputCheckers", "TuDInputCheckers\TuDInputCheckers.csproj", "{AED939D5-B62B-48EB-AD6F-79E39DB50375}"
EndProject
Global
	GlobalSection(SolutionConfigurationPlatforms) = preSolution
		Debug|Any CPU = Debug|Any CPU
		Release|Any CPU = Release|Any CPU
	EndGlobalSection
	GlobalSection(ProjectConfigurationPlatforms) = postSolution
		{26663D56-C07D-430A-A166-2808F75DA907}.Debug|Any CPU.ActiveCfg = Debug|Any CPU
		{26663D56-C07D-430A-A166-2808F75DA907}.Debug|Any CPU.Build.0 = Debug|Any CPU
		{26663D56-C07D-430A-A166-2808F75DA907}.Release|Any CPU.ActiveCfg = Release|Any CPU
		{26663D56-C07D-430A-A166-2808F75DA907}.Release|Any CPU.Build.0 = Release|Any CPU
		{01BCF66B-A673-49ED-AB8A-6806A053D5A2}.Debug|Any CPU.ActiveCfg = Debug|Any CPU
		{01BCF66B-A673-49ED-AB8A-6806A053D5A2}.Debug|Any CPU.Build.0 = Debug|Any CPU
		{01BCF66B-A673-49ED-AB8A-6806A053D5A2}.Release|Any CPU.ActiveCfg = Release|Any CPU
		{01BCF66B-A673-49ED-AB8A-6806A053D5A2}.Release|Any CPU.Build.0 = Release|Any CPU
		{97CAC109-283D-4457-8113-C7BA8DB5A8C3}.Debug|Any CPU.ActiveCfg = Debug|Any CPU
		{97CAC109-283D-4457-8113-C7BA8DB5A8C3}.Debug|Any CPU.Build.0 = Debug|Any CPU
		{97CAC109-283D-4457-8113-C7BA8DB5A8C3}.Release|Any CPU.ActiveCfg = Release|Any CPU
		{97CAC109-283D-4457-8113-C7BA8DB5A8C3}.Release|Any CPU.Build.0 = Release|Any CPU
		{AED939D5-B62B-48EB-AD6F-79E39DB50375}.Debug|Any CPU.ActiveCfg = Debug|Any CPU
		{AED939D5-B62B-48EB-AD6F-79E39DB50375}.Debug|Any CPU.Build.0 = Debug|Any CPU
		{AED939D5-B62B-48EB-AD6F-79E39DB50375}.Release|Any CPU.ActiveCfg = Release|Any CPU
		{AED939D5-B62B-48EB-AD6F-79E39DB50375}.Release|Any CPU.Build.0 = Release|Any CPU
	EndGlobalSection
	GlobalSection(SolutionProperties) = preSolution
		HideSolutionNode = FALSE
	EndGlobalSection
EndGlobal
